{
  "requires": true,
  "lockfileVersion": 1,
  "dependencies": {
    "babylonjs": {
      "version": "3.2.0-alpha4",
      "resolved": "https://registry.npmjs.org/babylonjs/-/babylonjs-3.2.0-alpha4.tgz",
      "integrity": "sha512-YUBiK039znQ7ujSqj0r4CiDb1TUHirInFnUbJKwBabVpXY4UaQMXM271hzt02B7Y6fGcqtHJ2aj/k1CDRMVTFg==",
      "dev": true,
      "requires": {
        "cannon": "0.6.2"
      }
    },
    "cannon": {
      "version": "0.6.2",
      "resolved": "https://registry.npmjs.org/cannon/-/cannon-0.6.2.tgz",
      "integrity": "sha1-HnvHLdWEGYLzwQTCvFeL+k+xxXI=",
      "dev": true
    }
  }
}
